<?xml version="1.0" encoding="utf-8"?>
<Project ToolsVersion="4.0" xmlns="http://schemas.microsoft.com/developer/msbuild/2003">
  <ItemGroup>
    <Filter Include="Source Files">
      <UniqueIdentifier>{4FC737F1-C7A5-4376-A066-2A32D752A2FF}</UniqueIdentifier>
      <Extensions>cpp;c;cc;cxx;def;odl;idl;hpj;bat;asm;asmx</Extensions>
    </Filter>
  </ItemGroup>
  <ItemGroup>
    <ClCompile Include="..\shared\plugin.solar2c.c">
      <Filter>Source Files</Filter>
    </ClCompile>
    <ClCompile Include="..\shared\common.c">
      <Filter>Source Files</Filter>
    </ClCompile>
    <ClCompile Include="..\shared\incbin.c">
      <Filter>Source Files</Filter>
    </ClCompile>
    <ClCompile Include="..\shared\miniz.c">
      <Filter>Source Files</Filter>
    </ClCompile>
    <ClCompile Include="..\shared\tcc_bin.c">
      <Filter>Source Files</Filter>
    </ClCompile>
    <ClCompile Include="..\shared\win_details.c">
      <Filter>Source Files</Filter>
    </ClCompile>
    <ClCompile Include="..\shared\data.c">
      <Filter>Source Files</Filter>
    </ClCompile>
    <ClCompile Include="..\shared\libs_bin.c">
      <Filter>Source Files</Filter>
    </ClCompile>
  </ItemGroup>
  <ItemGroup>
    <ClInclude Include="..\shared\common.h">
      <Filter>Source Files</Filter>
    </ClInclude>
    <ClInclude Include="..\shared\incbin.h">
      <Filter>Source Files</Filter>
    </ClInclude>
    <ClInclude Include="..\shared\libtcc.h">
      <Filter>Source Files</Filter>
    </ClInclude>
    <ClInclude Include="..\shared\miniz.h">
      <Filter>Source Files</Filter>
    </ClInclude>
  </ItemGroup>
</Project>